
Microsoft Visual Studio Solution File, Format Version 12.00
# Visual Studio Version 16
VisualStudioVersion = 16.0.29613.14
MinimumVisualStudioVersion = 10.0.40219.1
Project("{FAE04EC0-301F-11D3-BF4B-00C04F79EFBC}") = "UmbracoWebsiteTest", "UmbracoWebsiteTest\UmbracoWebsiteTest.csproj", "{D7DA2868-3F90-44A4-BC48-E539B511288A}"
EndProject
Global
	GlobalSection(SolutionConfigurationPlatforms) = preSolution
		Debug|Any CPU = Debug|Any CPU
		Release|Any CPU = Release|Any CPU
	EndGlobalSection
	GlobalSection(ProjectConfigurationPlatforms) = postSolution
		{D7DA2868-3F90-44A4-BC48-E539B511288A}.Debug|Any CPU.ActiveCfg = Debug|Any CPU
		{D7DA2868-3F90-44A4-BC48-E539B511288A}.Debug|Any CPU.Build.0 = Debug|Any CPU
		{D7DA2868-3F90-44A4-BC48-E539B511288A}.Release|Any CPU.ActiveCfg = Release|Any CPU
		{D7DA2868-3F90-44A4-BC48-E539B511288A}.Release|Any CPU.Build.0 = Release|Any CPU
	EndGlobalSection
	GlobalSection(SolutionProperties) = preSolution
		HideSolutionNode = FALSE
	EndGlobalSection
	GlobalSection(ExtensibilityGlobals) = postSolution
		SolutionGuid = {81457EC3-298A-44AE-AD37-C0037C50B42D}
	EndGlobalSection
EndGlobal
